{
  "name": "legal-agent-app",
  "lockfileVersion": 2,
  "requires": true,
  "packages": {
    "": {
      "dependencies": {
        "@mistralai/mistralai": "^1.7.2"
      }
    },
    "node_modules/@mistralai/mistralai": {
      "version": "1.7.2",
      "resolved": "https://registry.npmjs.org/@mistralai/mistralai/-/mistralai-1.7.2.tgz",
      "integrity": "sha512-lsBFADWVH1RRnAdSof49ZwmI+mBiaWdha9yYj87JMjp/o3d6SDvaEFpk+phDjRxAS+uVFvWD7HXk8ezhTXxRJA==",
      "dependencies": {
        "zod-to-json-schema": "^3.24.1"
      },
      "peerDependencies": {
        "zod": ">= 3"
      }
    },
    "node_modules/zod": {
      "version": "3.25.67",
      "resolved": "https://registry.npmjs.org/zod/-/zod-3.25.67.tgz",
      "integrity": "sha512-idA2YXwpCdqUSKRCACDE6ItZD9TZzy3OZMtpfLoh6oPR47lipysRrJfjzMqFxQ3uJuUPyUeWe1r9vLH33xO/Qw==",
      "peer": true,
      "funding": {
        "url": "https://github.com/sponsors/colinhacks"
      }
    },
    "node_modules/zod-to-json-schema": {
      "version": "3.24.6",
      "resolved": "https://registry.npmjs.org/zod-to-json-schema/-/zod-to-json-schema-3.24.6.tgz",
      "integrity": "sha512-h/z3PKvcTcTetyjl1fkj79MHNEjm+HpD6NXheWjzOekY7kV+lwDYnHw+ivHkijnCSMz1yJaWBD9vu/Fcmk+vEg==",
      "peerDependencies": {
        "zod": "^3.24.1"
      }
    }
  },
  "dependencies": {
    "@mistralai/mistralai": {
      "version": "1.7.2",
      "resolved": "https://registry.npmjs.org/@mistralai/mistralai/-/mistralai-1.7.2.tgz",
      "integrity": "sha512-lsBFADWVH1RRnAdSof49ZwmI+mBiaWdha9yYj87JMjp/o3d6SDvaEFpk+phDjRxAS+uVFvWD7HXk8ezhTXxRJA==",
      "requires": {
        "zod-to-json-schema": "^3.24.1"
      }
    },
    "zod": {
      "version": "3.25.67",
      "resolved": "https://registry.npmjs.org/zod/-/zod-3.25.67.tgz",
      "integrity": "sha512-idA2YXwpCdqUSKRCACDE6ItZD9TZzy3OZMtpfLoh6oPR47lipysRrJfjzMqFxQ3uJuUPyUeWe1r9vLH33xO/Qw==",
      "peer": true
    },
    "zod-to-json-schema": {
      "version": "3.24.6",
      "resolved": "https://registry.npmjs.org/zod-to-json-schema/-/zod-to-json-schema-3.24.6.tgz",
      "integrity": "sha512-h/z3PKvcTcTetyjl1fkj79MHNEjm+HpD6NXheWjzOekY7kV+lwDYnHw+ivHkijnCSMz1yJaWBD9vu/Fcmk+vEg==",
      "requires": {}
    }
  }
}
